// !$*UTF8*$!
{
	archiveVersion = 1;
	classes = {
	};
	objectVersion = 56;
	objects = {

/* Begin PBXBuildFile section */
		3F8165CF2BCCF8FB00506DD0 /* Signup.swift in Sources */ = {isa = PBXBuildFile; fileRef = 3F8165CE2BCCF8FB00506DD0 /* Signup.swift */; };
		3F9DD6352BCE72D3007D415A /* Dashboardtableview.swift in Sources */ = {isa = PBXBuildFile; fileRef = 3F9DD6342BCE72D3007D415A /* Dashboardtableview.swift */; };
		3F9DD6392BCE78B9007D415A /* DashTableViewCell.swift in Sources */ = {isa = PBXBuildFile; fileRef = 3F9DD6382BCE78B9007D415A /* DashTableViewCell.swift */; };
		3FD7ABC32BC6858500C0DFD2 /* AppDelegate.swift in Sources */ = {isa = PBXBuildFile; fileRef = 3FD7ABC22BC6858500C0DFD2 /* AppDelegate.swift */; };
		3FD7ABC52BC6858500C0DFD2 /* SceneDelegate.swift in Sources */ = {isa = PBXBuildFile; fileRef = 3FD7ABC42BC6858500C0DFD2 /* SceneDelegate.swift */; };
		3FD7ABC72BC6858500C0DFD2 /* ViewController.swift in Sources */ = {isa = PBXBuildFile; fileRef = 3FD7ABC62BC6858500C0DFD2 /* ViewController.swift */; };
		3FD7ABCA2BC6858500C0DFD2 /* Main.storyboard in Resources */ = {isa = PBXBuildFile; fileRef = 3FD7ABC82BC6858500C0DFD2 /* Main.storyboard */; };
		3FD7ABCC2BC6858600C0DFD2 /* Assets.xcassets in Resources */ = {isa = PBXBuildFile; fileRef = 3FD7ABCB2BC6858600C0DFD2 /* Assets.xcassets */; };
		3FD7ABCF2BC6858600C0DFD2 /* LaunchScreen.storyboard in Resources */ = {isa = PBXBuildFile; fileRef = 3FD7ABCD2BC6858600C0DFD2 /* LaunchScreen.storyboard */; };
		3FD7ABDA2BC6858600C0DFD2 /* main_nahi_bataungaTests.swift in Sources */ = {isa = PBXBuildFile; fileRef = 3FD7ABD92BC6858600C0DFD2 /* main_nahi_bataungaTests.swift */; };
		3FD7ABE42BC6858600C0DFD2 /* main_nahi_bataungaUITests.swift in Sources */ = {isa = PBXBuildFile; fileRef = 3FD7ABE32BC6858600C0DFD2 /* main_nahi_bataungaUITests.swift */; };
		3FD7ABE62BC6858600C0DFD2 /* main_nahi_bataungaUITestsLaunchTests.swift in Sources */ = {isa = PBXBuildFile; fileRef = 3FD7ABE52BC6858600C0DFD2 /* main_nahi_bataungaUITestsLaunchTests.swift */; };
		3FD7ABF32BC6885A00C0DFD2 /* LoginViewController.swift in Sources */ = {isa = PBXBuildFile; fileRef = 3FD7ABF22BC6885A00C0DFD2 /* LoginViewController.swift */; };
/* End PBXBuildFile section */

/* Begin PBXContainerItemProxy section */
		3FD7ABD62BC6858600C0DFD2 /* PBXContainerItemProxy */ = {
			isa = PBXContainerItemProxy;
			containerPortal = 3FD7ABB72BC6858500C0DFD2 /* Project object */;
			proxyType = 1;
			remoteGlobalIDString = 3FD7ABBE2BC6858500C0DFD2;
			remoteInfo = "main nahi bataunga";
		};
		3FD7ABE02BC6858600C0DFD2 /* PBXContainerItemProxy */ = {
			isa = PBXContainerItemProxy;
			containerPortal = 3FD7ABB72BC6858500C0DFD2 /* Project object */;
			proxyType = 1;
			remoteGlobalIDString = 3FD7ABBE2BC6858500C0DFD2;
			remoteInfo = "main nahi bataunga";
		};
/* End PBXContainerItemProxy section */

/* Begin PBXFileReference section */
		3F8165CE2BCCF8FB00506DD0 /* Signup.swift */ = {isa = PBXFileReference; lastKnownFileType = sourcecode.swift; path = Signup.swift; sourceTree = "<group>"; };
		3F9DD6342BCE72D3007D415A /* Dashboardtableview.swift */ = {isa = PBXFileReference; lastKnownFileType = sourcecode.swift; path = Dashboardtableview.swift; sourceTree = "<group>"; };
		3F9DD6382BCE78B9007D415A /* DashTableViewCell.swift */ = {isa = PBXFileReference; lastKnownFileType = sourcecode.swift; path = DashTableViewCell.swift; sourceTree = "<group>"; };
		3FD7ABBF2BC6858500C0DFD2 /* main nahi bataunga.app */ = {isa = PBXFileReference; explicitFileType = wrapper.application; includeInIndex = 0; path = "main nahi bataunga.app"; sourceTree = BUILT_PRODUCTS_DIR; };
		3FD7ABC22BC6858500C0DFD2 /* AppDelegate.swift */ = {isa = PBXFileReference; lastKnownFileType = sourcecode.swift; path = AppDelegate.swift; sourceTree = "<group>"; };
		3FD7ABC42BC6858500C0DFD2 /* SceneDelegate.swift */ = {isa = PBXFileReference; lastKnownFileType = sourcecode.swift; path = SceneDelegate.swift; sourceTree = "<group>"; };
		3FD7ABC62BC6858500C0DFD2 /* ViewController.swift */ = {isa = PBXFileReference; lastKnownFileType = sourcecode.swift; path = ViewController.swift; sourceTree = "<group>"; };
		3FD7ABC92BC6858500C0DFD2 /* Base */ = {isa = PBXFileReference; lastKnownFileType = file.storyboard; name = Base; path = Base.lproj/Main.storyboard; sourceTree = "<group>"; };
		3FD7ABCB2BC6858600C0DFD2 /* Assets.xcassets */ = {isa = PBXFileReference; lastKnownFileType = folder.assetcatalog; path = Assets.xcassets; sourceTree = "<group>"; };
		3FD7ABCE2BC6858600C0DFD2 /* Base */ = {isa = PBXFileReference; lastKnownFileType = file.storyboard; name = Base; path = Base.lproj/LaunchScreen.storyboard; sourceTree = "<group>"; };
		3FD7ABD02BC6858600C0DFD2 /* Info.plist */ = {isa = PBXFileReference; lastKnownFileType = text.plist.xml; path = Info.plist; sourceTree = "<group>"; };
		3FD7ABD52BC6858600C0DFD2 /* main nahi bataungaTests.xctest */ = {isa = PBXFileReference; explicitFileType = wrapper.cfbundle; includeInIndex = 0; path = "main nahi bataungaTests.xctest"; sourceTree = BUILT_PRODUCTS_DIR; };
		3FD7ABD92BC6858600C0DFD2 /* main_nahi_bataungaTests.swift */ = {isa = PBXFileReference; lastKnownFileType = sourcecode.swift; path = main_nahi_bataungaTests.swift; sourceTree = "<group>"; };
		3FD7ABDF2BC6858600C0DFD2 /* main nahi bataungaUITests.xctest */ = {isa = PBXFileReference; explicitFileType = wrapper.cfbundle; includeInIndex = 0; path = "main nahi bataungaUITests.xctest"; sourceTree = BUILT_PRODUCTS_DIR; };
		3FD7ABE32BC6858600C0DFD2 /* main_nahi_bataungaUITests.swift */ = {isa = PBXFileReference; lastKnownFileType = sourcecode.swift; path = main_nahi_bataungaUITests.swift; sourceTree = "<group>"; };
		3FD7ABE52BC6858600C0DFD2 /* main_nahi_bataungaUITestsLaunchTests.swift */ = {isa = PBXFileReference; lastKnownFileType = sourcecode.swift; path = main_nahi_bataungaUITestsLaunchTests.swift; sourceTree = "<group>"; };
		3FD7ABF22BC6885A00C0DFD2 /* LoginViewController.swift */ = {isa = PBXFileReference; lastKnownFileType = sourcecode.swift; path = LoginViewController.swift; sourceTree = "<group>"; };
/* End PBXFileReference section */

/* Begin PBXFrameworksBuildPhase section */
		3FD7ABBC2BC6858500C0DFD2 /* Frameworks */ = {
			isa = PBXFrameworksBuildPhase;
			buildActionMask = 2147483647;
			files = (
			);
			runOnlyForDeploymentPostprocessing = 0;
		};
		3FD7ABD22BC6858600C0DFD2 /* Frameworks */ = {
			isa = PBXFrameworksBuildPhase;
			buildActionMask = 2147483647;
			files = (
			);
			runOnlyForDeploymentPostprocessing = 0;
		};
		3FD7ABDC2BC6858600C0DFD2 /* Frameworks */ = {
			isa = PBXFrameworksBuildPhase;
			buildActionMask = 2147483647;
			files = (
			);
			runOnlyForDeploymentPostprocessing = 0;
		};
/* End PBXFrameworksBuildPhase section */

/* Begin PBXGroup section */
		3FD7ABB62BC6858500C0DFD2 = {
			isa = PBXGroup;
			children = (
				3FD7ABC12BC6858500C0DFD2 /* main nahi bataunga */,
				3FD7ABD82BC6858600C0DFD2 /* main nahi bataungaTests */,
				3FD7ABE22BC6858600C0DFD2 /* main nahi bataungaUITests */,
				3FD7ABC02BC6858500C0DFD2 /* Products */,
			);
			sourceTree = "<group>";
		};
		3FD7ABC02BC6858500C0DFD2 /* Products */ = {
			isa = PBXGroup;
			children = (
				3FD7ABBF2BC6858500C0DFD2 /* main nahi bataunga.app */,
				3FD7ABD52BC6858600C0DFD2 /* main nahi bataungaTests.xctest */,
				3FD7ABDF2BC6858600C0DFD2 /* main nahi bataungaUITests.xctest */,
			);
			name = Products;
			sourceTree = "<group>";
		};
		3FD7ABC12BC6858500C0DFD2 /* main nahi bataunga */ = {
			isa = PBXGroup;
			children = (
				3FD7ABC22BC6858500C0DFD2 /* AppDelegate.swift */,
				3FD7ABC42BC6858500C0DFD2 /* SceneDelegate.swift */,
				3FD7ABC62BC6858500C0DFD2 /* ViewController.swift */,
				3FD7ABF22BC6885A00C0DFD2 /* LoginViewController.swift */,
				3F8165CE2BCCF8FB00506DD0 /* Signup.swift */,
				3F9DD6342BCE72D3007D415A /* Dashboardtableview.swift */,
				3F9DD6382BCE78B9007D415A /* DashTableViewCell.swift */,
				3FD7ABC82BC6858500C0DFD2 /* Main.storyboard */,
				3FD7ABCB2BC6858600C0DFD2 /* Assets.xcassets */,
				3FD7ABCD2BC6858600C0DFD2 /* LaunchScreen.storyboard */,
				3FD7ABD02BC6858600C0DFD2 /* Info.plist */,
			);
			path = "main nahi bataunga";
			sourceTree = "<group>";
		};
		3FD7ABD82BC6858600C0DFD2 /* main nahi bataungaTests */ = {
			isa = PBXGroup;
			children = (
				3FD7ABD92BC6858600C0DFD2 /* main_nahi_bataungaTests.swift */,
			);
			path = "main nahi bataungaTests";
			sourceTree = "<group>";
		};
		3FD7ABE22BC6858600C0DFD2 /* main nahi bataungaUITests */ = {
			isa = PBXGroup;
			children = (
				3FD7ABE32BC6858600C0DFD2 /* main_nahi_bataungaUITests.swift */,
				3FD7ABE52BC6858600C0DFD2 /* main_nahi_bataungaUITestsLaunchTests.swift */,
			);
			path = "main nahi bataungaUITests";
			sourceTree = "<group>";
		};
/* End PBXGroup section */

/* Begin PBXNativeTarget section */
		3FD7ABBE2BC6858500C0DFD2 /* main nahi bataunga */ = {
			isa = PBXNativeTarget;
			buildConfigurationList = 3FD7ABE92BC6858600C0DFD2 /* Build configuration list for PBXNativeTarget "main nahi bataunga" */;
			buildPhases = (
				3FD7ABBB2BC6858500C0DFD2 /* Sources */,
				3FD7ABBC2BC6858500C0DFD2 /* Frameworks */,
				3FD7ABBD2BC6858500C0DFD2 /* Resources */,
			);
			buildRules = (
			);
			dependencies = (
			);
			name = "main nahi bataunga";
			productName = "main nahi bataunga";
			productReference = 3FD7ABBF2BC6858500C0DFD2 /* main nahi bataunga.app */;
			productType = "com.apple.product-type.application";
		};
		3FD7ABD42BC6858600C0DFD2 /* main nahi bataungaTests */ = {
			isa = PBXNativeTarget;
			buildConfigurationList = 3FD7ABEC2BC6858600C0DFD2 /* Build configuration list for PBXNativeTarget "main nahi bataungaTests" */;
			buildPhases = (
				3FD7ABD12BC6858600C0DFD2 /* Sources */,
				3FD7ABD22BC6858600C0DFD2 /* Frameworks */,
				3FD7ABD32BC6858600C0DFD2 /* Resources */,
			);
			buildRules = (
			);
			dependencies = (
				3FD7ABD72BC6858600C0DFD2 /* PBXTargetDependency */,
			);
			name = "main nahi bataungaTests";
			productName = "main nahi bataungaTests";
			productReference = 3FD7ABD52BC6858600C0DFD2 /* main nahi bataungaTests.xctest */;
			productType = "com.apple.product-type.bundle.unit-test";
		};
		3FD7ABDE2BC6858600C0DFD2 /* main nahi bataungaUITests */ = {
			isa = PBXNativeTarget;
			buildConfigurationList = 3FD7ABEF2BC6858600C0DFD2 /* Build configuration list for PBXNativeTarget "main nahi bataungaUITests" */;
			buildPhases = (
				3FD7ABDB2BC6858600C0DFD2 /* Sources */,
				3FD7ABDC2BC6858600C0DFD2 /* Frameworks */,
				3FD7ABDD2BC6858600C0DFD2 /* Resources */,
			);
			buildRules = (
			);
			dependencies = (
				3FD7ABE12BC6858600C0DFD2 /* PBXTargetDependency */,
			);
			name = "main nahi bataungaUITests";
			productName = "main nahi bataungaUITests";
			productReference = 3FD7ABDF2BC6858600C0DFD2 /* main nahi bataungaUITests.xctest */;
			productType = "com.apple.product-type.bundle.ui-testing";
		};
/* End PBXNativeTarget section */

/* Begin PBXProject section */
		3FD7ABB72BC6858500C0DFD2 /* Project object */ = {
			isa = PBXProject;
			attributes = {
				BuildIndependentTargetsInParallel = 1;
				LastSwiftUpdateCheck = 1430;
				LastUpgradeCheck = 1430;
				TargetAttributes = {
					3FD7ABBE2BC6858500C0DFD2 = {
						CreatedOnToolsVersion = 14.3.1;
					};
					3FD7ABD42BC6858600C0DFD2 = {
						CreatedOnToolsVersion = 14.3.1;
						TestTargetID = 3FD7ABBE2BC6858500C0DFD2;
					};
					3FD7ABDE2BC6858600C0DFD2 = {
						CreatedOnToolsVersion = 14.3.1;
						TestTargetID = 3FD7ABBE2BC6858500C0DFD2;
					};
				};
			};
			buildConfigurationList = 3FD7ABBA2BC6858500C0DFD2 /* Build configuration list for PBXProject "main nahi bataunga" */;
			compatibilityVersion = "Xcode 14.0";
			developmentRegion = en;
			hasScannedForEncodings = 0;
			knownRegions = (
				en,
				Base,
			);
			mainGroup = 3FD7ABB62BC6858500C0DFD2;
			productRefGroup = 3FD7ABC02BC6858500C0DFD2 /* Products */;
			projectDirPath = "";
			projectRoot = "";
			targets = (
				3FD7ABBE2BC6858500C0DFD2 /* main nahi bataunga */,
				3FD7ABD42BC6858600C0DFD2 /* main nahi bataungaTests */,
				3FD7ABDE2BC6858600C0DFD2 /* main nahi bataungaUITests */,
			);
		};
/* End PBXProject section */

/* Begin PBXResourcesBuildPhase section */
		3FD7ABBD2BC6858500C0DFD2 /* Resources */ = {
			isa = PBXResourcesBuildPhase;
			buildActionMask = 2147483647;
			files = (
				3FD7ABCF2BC6858600C0DFD2 /* LaunchScreen.storyboard in Resources */,
				3FD7ABCC2BC6858600C0DFD2 /* Assets.xcassets in Resources */,
				3FD7ABCA2BC6858500C0DFD2 /* Main.storyboard in Resources */,
			);
			runOnlyForDeploymentPostprocessing = 0;
		};
		3FD7ABD32BC6858600C0DFD2 /* Resources */ = {
			isa = PBXResourcesBuildPhase;
			buildActionMask = 2147483647;
			files = (
			);
			runOnlyForDeploymentPostprocessing = 0;
		};
		3FD7ABDD2BC6858600C0DFD2 /* Resources */ = {
			isa = PBXResourcesBuildPhase;
			buildActionMask = 2147483647;
			files = (
			);
			runOnlyForDeploymentPostprocessing = 0;
		};
/* End PBXResourcesBuildPhase section */

/* Begin PBXSourcesBuildPhase section */
		3FD7ABBB2BC6858500C0DFD2 /* Sources */ = {
			isa = PBXSourcesBuildPhase;
			buildActionMask = 2147483647;
			files = (
				3FD7ABF32BC6885A00C0DFD2 /* LoginViewController.swift in Sources */,
				3FD7ABC72BC6858500C0DFD2 /* ViewController.swift in Sources */,
				3F8165CF2BCCF8FB00506DD0 /* Signup.swift in Sources */,
				3FD7ABC32BC6858500C0DFD2 /* AppDelegate.swift in Sources */,
				3FD7ABC52BC6858500C0DFD2 /* SceneDelegate.swift in Sources */,
				3F9DD6392BCE78B9007D415A /* DashTableViewCell.swift in Sources */,
				3F9DD6352BCE72D3007D415A /* Dashboardtableview.swift in Sources */,
			);
			runOnlyForDeploymentPostprocessing = 0;
		};
		3FD7ABD12BC6858600C0DFD2 /* Sources */ = {
			isa = PBXSourcesBuildPhase;
			buildActionMask = 2147483647;
			files = (
				3FD7ABDA2BC6858600C0DFD2 /* main_nahi_bataungaTests.swift in Sources */,
			);
			runOnlyForDeploymentPostprocessing = 0;
		};
		3FD7ABDB2BC6858600C0DFD2 /* Sources */ = {
			isa = PBXSourcesBuildPhase;
			buildActionMask = 2147483647;
			files = (
				3FD7ABE62BC6858600C0DFD2 /* main_nahi_bataungaUITestsLaunchTests.swift in Sources */,
				3FD7ABE42BC6858600C0DFD2 /* main_nahi_bataungaUITests.swift in Sources */,
			);
			runOnlyForDeploymentPostprocessing = 0;
		};
/* End PBXSourcesBuildPhase section */

/* Begin PBXTargetDependency section */
		3FD7ABD72BC6858600C0DFD2 /* PBXTargetDependency */ = {
			isa = PBXTargetDependency;
			target = 3FD7ABBE2BC6858500C0DFD2 /* main nahi bataunga */;
			targetProxy = 3FD7ABD62BC6858600C0DFD2 /* PBXContainerItemProxy */;
		};
		3FD7ABE12BC6858600C0DFD2 /* PBXTargetDependency */ = {
			isa = PBXTargetDependency;
			target = 3FD7ABBE2BC6858500C0DFD2 /* main nahi bataunga */;
			targetProxy = 3FD7ABE02BC6858600C0DFD2 /* PBXContainerItemProxy */;
		};
/* End PBXTargetDependency section */

/* Begin PBXVariantGroup section */
		3FD7ABC82BC6858500C0DFD2 /* Main.storyboard */ = {
			isa = PBXVariantGroup;
			children = (
				3FD7ABC92BC6858500C0DFD2 /* Base */,
			);
			name = Main.storyboard;
			sourceTree = "<group>";
		};
		3FD7ABCD2BC6858600C0DFD2 /* LaunchScreen.storyboard */ = {
			isa = PBXVariantGroup;
			children = (
				3FD7ABCE2BC6858600C0DFD2 /* Base */,
			);
			name = LaunchScreen.storyboard;
			sourceTree = "<group>";
		};
/* End PBXVariantGroup section */

/* Begin XCBuildConfiguration section */
		3FD7ABE72BC6858600C0DFD2 /* Debug */ = {
			isa = XCBuildConfiguration;
			buildSettings = {
				ALWAYS_SEARCH_USER_PATHS = NO;
				CLANG_ANALYZER_NONNULL = YES;
				CLANG_ANALYZER_NUMBER_OBJECT_CONVERSION = YES_AGGRESSIVE;
				CLANG_CXX_LANGUAGE_STANDARD = "gnu++20";
				CLANG_ENABLE_MODULES = YES;
				CLANG_ENABLE_OBJC_ARC = YES;
				CLANG_ENABLE_OBJC_WEAK = YES;
				CLANG_WARN_BLOCK_CAPTURE_AUTORELEASING = YES;
				CLANG_WARN_BOOL_CONVERSION = YES;
				CLANG_WARN_COMMA = YES;
				CLANG_WARN_CONSTANT_CONVERSION = YES;
				CLANG_WARN_DEPRECATED_OBJC_IMPLEMENTATIONS = YES;
				CLANG_WARN_DIRECT_OBJC_ISA_USAGE = YES_ERROR;
				CLANG_WARN_DOCUMENTATION_COMMENTS = YES;
				CLANG_WARN_EMPTY_BODY = YES;
				CLANG_WARN_ENUM_CONVERSION = YES;
				CLANG_WARN_INFINITE_RECURSION = YES;
				CLANG_WARN_INT_CONVERSION = YES;
				CLANG_WARN_NON_LITERAL_NULL_CONVERSION = YES;
				CLANG_WARN_OBJC_IMPLICIT_RETAIN_SELF = YES;
				CLANG_WARN_OBJC_LITERAL_CONVERSION = YES;
				CLANG_WARN_OBJC_ROOT_CLASS = YES_ERROR;
				CLANG_WARN_QUOTED_INCLUDE_IN_FRAMEWORK_HEADER = YES;
				CLANG_WARN_RANGE_LOOP_ANALYSIS = YES;
				CLANG_WARN_STRICT_PROTOTYPES = YES;
				CLANG_WARN_SUSPICIOUS_MOVE = YES;
				CLANG_WARN_UNGUARDED_AVAILABILITY = YES_AGGRESSIVE;
				CLANG_WARN_UNREACHABLE_CODE = YES;
				CLANG_WARN__DUPLICATE_METHOD_MATCH = YES;
				COPY_PHASE_STRIP = NO;
				DEBUG_INFORMATION_FORMAT = dwarf;
				ENABLE_STRICT_OBJC_MSGSEND = YES;
				ENABLE_TESTABILITY = YES;
				GCC_C_LANGUAGE_STANDARD = gnu11;
				GCC_DYNAMIC_NO_PIC = NO;
				GCC_NO_COMMON_BLOCKS = YES;
				GCC_OPTIMIZATION_LEVEL = 0;
				GCC_PREPROCESSOR_DEFINITIONS = (
					"DEBUG=1",
					"$(inherited)",
				);
				GCC_WARN_64_TO_32_BIT_CONVERSION = YES;
				GCC_WARN_ABOUT_RETURN_TYPE = YES_ERROR;
				GCC_WARN_UNDECLARED_SELECTOR = YES;
				GCC_WARN_UNINITIALIZED_AUTOS = YES_AGGRESSIVE;
				GCC_WARN_UNUSED_FUNCTION = YES;
				GCC_WARN_UNUSED_VARIABLE = YES;
				IPHONEOS_DEPLOYMENT_TARGET = 16.4;
				MTL_ENABLE_DEBUG_INFO = INCLUDE_SOURCE;
				MTL_FAST_MATH = YES;
				ONLY_ACTIVE_ARCH = YES;
				SDKROOT = iphoneos;
				SWIFT_ACTIVE_COMPILATION_CONDITIONS = DEBUG;
				SWIFT_OPTIMIZATION_LEVEL = "-Onone";
			};
			name = Debug;
		};
		3FD7ABE82BC6858600C0DFD2 /* Release */ = {
			isa = XCBuildConfiguration;
			buildSettings = {
				ALWAYS_SEARCH_USER_PATHS = NO;
				CLANG_ANALYZER_NONNULL = YES;
				CLANG_ANALYZER_NUMBER_OBJECT_CONVERSION = YES_AGGRESSIVE;
				CLANG_CXX_LANGUAGE_STANDARD = "gnu++20";
				CLANG_ENABLE_MODULES = YES;
				CLANG_ENABLE_OBJC_ARC = YES;
				CLANG_ENABLE_OBJC_WEAK = YES;
				CLANG_WARN_BLOCK_CAPTURE_AUTORELEASING = YES;
				CLANG_WARN_BOOL_CONVERSION = YES;
				CLANG_WARN_COMMA = YES;
				CLANG_WARN_CONSTANT_CONVERSION = YES;
				CLANG_WARN_DEPRECATED_OBJC_IMPLEMENTATIONS = YES;
				CLANG_WARN_DIRECT_OBJC_ISA_USAGE = YES_ERROR;
				CLANG_WARN_DOCUMENTATION_COMMENTS = YES;
				CLANG_WARN_EMPTY_BODY = YES;
				CLANG_WARN_ENUM_CONVERSION = YES;
				CLANG_WARN_INFINITE_RECURSION = YES;
				CLANG_WARN_INT_CONVERSION = YES;
				CLANG_WARN_NON_LITERAL_NULL_CONVERSION = YES;
				CLANG_WARN_OBJC_IMPLICIT_RETAIN_SELF = YES;
				CLANG_WARN_OBJC_LITERAL_CONVERSION = YES;
				CLANG_WARN_OBJC_ROOT_CLASS = YES_ERROR;
				CLANG_WARN_QUOTED_INCLUDE_IN_FRAMEWORK_HEADER = YES;
				CLANG_WARN_RANGE_LOOP_ANALYSIS = YES;
				CLANG_WARN_STRICT_PROTOTYPES = YES;
				CLANG_WARN_SUSPICIOUS_MOVE = YES;
				CLANG_WARN_UNGUARDED_AVAILABILITY = YES_AGGRESSIVE;
				CLANG_WARN_UNREACHABLE_CODE = YES;
				CLANG_WARN__DUPLICATE_METHOD_MATCH = YES;
				COPY_PHASE_STRIP = NO;
				DEBUG_INFORMATION_FORMAT = "dwarf-with-dsym";
				ENABLE_NS_ASSERTIONS = NO;
				ENABLE_STRICT_OBJC_MSGSEND = YES;
				GCC_C_LANGUAGE_STANDARD = gnu11;
				GCC_NO_COMMON_BLOCKS = YES;
				GCC_WARN_64_TO_32_BIT_CONVERSION = YES;
				GCC_WARN_ABOUT_RETURN_TYPE = YES_ERROR;
				GCC_WARN_UNDECLARED_SELECTOR = YES;
				GCC_WARN_UNINITIALIZED_AUTOS = YES_AGGRESSIVE;
				GCC_WARN_UNUSED_FUNCTION = YES;
				GCC_WARN_UNUSED_VARIABLE = YES;
				IPHONEOS_DEPLOYMENT_TARGET = 16.4;
				MTL_ENABLE_DEBUG_INFO = NO;
				MTL_FAST_MATH = YES;
				SDKROOT = iphoneos;
				SWIFT_COMPILATION_MODE = wholemodule;
				SWIFT_OPTIMIZATION_LEVEL = "-O";
				VALIDATE_PRODUCT = YES;
			};
			name = Release;
		};
		3FD7ABEA2BC6858600C0DFD2 /* Debug */ = {
			isa = XCBuildConfiguration;
			buildSettings = {
				ASSETCATALOG_COMPILER_APPICON_NAME = AppIcon;
				ASSETCATALOG_COMPILER_GLOBAL_ACCENT_COLOR_NAME = AccentColor;
				CODE_SIGN_STYLE = Automatic;
				CURRENT_PROJECT_VERSION = 1;
				GENERATE_INFOPLIST_FILE = YES;
				INFOPLIST_FILE = "main nahi bataunga/Info.plist";
				INFOPLIST_KEY_UIApplicationSupportsIndirectInputEvents = YES;
				INFOPLIST_KEY_UILaunchStoryboardName = LaunchScreen;
				INFOPLIST_KEY_UIMainStoryboardFile = Main;
				INFOPLIST_KEY_UISupportedInterfaceOrientations_iPad = "UIInterfaceOrientationPortrait UIInterfaceOrientationPortraitUpsideDown UIInterfaceOrientationLandscapeLeft UIInterfaceOrientationLandscapeRight";
				INFOPLIST_KEY_UISupportedInterfaceOrientations_iPhone = "UIInterfaceOrientationPortrait UIInterfaceOrientationLandscapeLeft UIInterfaceOrientationLandscapeRight";
				LD_RUNPATH_SEARCH_PATHS = (
					"$(inherited)",
					"@executable_path/Frameworks",
				);
				MARKETING_VERSION = 1.0;
				PRODUCT_BUNDLE_IDENTIFIER = "com.main-nahi-bataunga";
				PRODUCT_NAME = "$(TARGET_NAME)";
				SWIFT_EMIT_LOC_STRINGS = YES;
				SWIFT_VERSION = 5.0;
				TARGETED_DEVICE_FAMILY = "1,2";
			};
			name = Debug;
		};
		3FD7ABEB2BC6858600C0DFD2 /* Release */ = {
			isa = XCBuildConfiguration;
			buildSettings = {
				ASSETCATALOG_COMPILER_APPICON_NAME = AppIcon;
				ASSETCATALOG_COMPILER_GLOBAL_ACCENT_COLOR_NAME = AccentColor;
				CODE_SIGN_STYLE = Automatic;
				CURRENT_PROJECT_VERSION = 1;
				GENERATE_INFOPLIST_FILE = YES;
				INFOPLIST_FILE = "main nahi bataunga/Info.plist";
				INFOPLIST_KEY_UIApplicationSupportsIndirectInputEvents = YES;
				INFOPLIST_KEY_UILaunchStoryboardName = LaunchScreen;
				INFOPLIST_KEY_UIMainStoryboardFile = Main;
				INFOPLIST_KEY_UISupportedInterfaceOrientations_iPad = "UIInterfaceOrientationPortrait UIInterfaceOrientationPortraitUpsideDown UIInterfaceOrientationLandscapeLeft UIInterfaceOrientationLandscapeRight";
				INFOPLIST_KEY_UISupportedInterfaceOrientations_iPhone = "UIInterfaceOrientationPortrait UIInterfaceOrientationLandscapeLeft UIInterfaceOrientationLandscapeRight";
				LD_RUNPATH_SEARCH_PATHS = (
					"$(inherited)",
					"@executable_path/Frameworks",
				);
				MARKETING_VERSION = 1.0;
				PRODUCT_BUNDLE_IDENTIFIER = "com.main-nahi-bataunga";
				PRODUCT_NAME = "$(TARGET_NAME)";
				SWIFT_EMIT_LOC_STRINGS = YES;
				SWIFT_VERSION = 5.0;
				TARGETED_DEVICE_FAMILY = "1,2";
			};
			name = Release;
		};
		3FD7ABED2BC6858600C0DFD2 /* Debug */ = {
			isa = XCBuildConfiguration;
			buildSettings = {
				ALWAYS_EMBED_SWIFT_STANDARD_LIBRARIES = YES;
				BUNDLE_LOADER = "$(TEST_HOST)";
				CODE_SIGN_STYLE = Automatic;
				CURRENT_PROJECT_VERSION = 1;
				GENERATE_INFOPLIST_FILE = YES;
				IPHONEOS_DEPLOYMENT_TARGET = 16.4;
				MARKETING_VERSION = 1.0;
				PRODUCT_BUNDLE_IDENTIFIER = "com.main-nahi-bataungaTests";
				PRODUCT_NAME = "$(TARGET_NAME)";
				SWIFT_EMIT_LOC_STRINGS = NO;
				SWIFT_VERSION = 5.0;
				TARGETED_DEVICE_FAMILY = "1,2";
				TEST_HOST = "$(BUILT_PRODUCTS_DIR)/main nahi bataunga.app/$(BUNDLE_EXECUTABLE_FOLDER_PATH)/main nahi bataunga";
			};
			name = Debug;
		};
		3FD7ABEE2BC6858600C0DFD2 /* Release */ = {
			isa = XCBuildConfiguration;
			buildSettings = {
				ALWAYS_EMBED_SWIFT_STANDARD_LIBRARIES = YES;
				BUNDLE_LOADER = "$(TEST_HOST)";
				CODE_SIGN_STYLE = Automatic;
				CURRENT_PROJECT_VERSION = 1;
				GENERATE_INFOPLIST_FILE = YES;
				IPHONEOS_DEPLOYMENT_TARGET = 16.4;
				MARKETING_VERSION = 1.0;
				PRODUCT_BUNDLE_IDENTIFIER = "com.main-nahi-bataungaTests";
				PRODUCT_NAME = "$(TARGET_NAME)";
				SWIFT_EMIT_LOC_STRINGS = NO;
				SWIFT_VERSION = 5.0;
				TARGETED_DEVICE_FAMILY = "1,2";
				TEST_HOST = "$(BUILT_PRODUCTS_DIR)/main nahi bataunga.app/$(BUNDLE_EXECUTABLE_FOLDER_PATH)/main nahi bataunga";
			};
			name = Release;
		};
		3FD7ABF02BC6858600C0DFD2 /* Debug */ = {
			isa = XCBuildConfiguration;
			buildSettings = {
				ALWAYS_EMBED_SWIFT_STANDARD_LIBRARIES = YES;
				CODE_SIGN_STYLE = Automatic;
				CURRENT_PROJECT_VERSION = 1;
				GENERATE_INFOPLIST_FILE = YES;
				MARKETING_VERSION = 1.0;
				PRODUCT_BUNDLE_IDENTIFIER = "com.main-nahi-bataungaUITests";
				PRODUCT_NAME = "$(TARGET_NAME)";
				SWIFT_EMIT_LOC_STRINGS = NO;
				SWIFT_VERSION = 5.0;
				TARGETED_DEVICE_FAMILY = "1,2";
				TEST_TARGET_NAME = "main nahi bataunga";
			};
			name = Debug;
		};
		3FD7ABF12BC6858600C0DFD2 /* Release */ = {
			isa = XCBuildConfiguration;
			buildSettings = {
				ALWAYS_EMBED_SWIFT_STANDARD_LIBRARIES = YES;
				CODE_SIGN_STYLE = Automatic;
				CURRENT_PROJECT_VERSION = 1;
				GENERATE_INFOPLIST_FILE = YES;
				MARKETING_VERSION = 1.0;
				PRODUCT_BUNDLE_IDENTIFIER = "com.main-nahi-bataungaUITests";
				PRODUCT_NAME = "$(TARGET_NAME)";
				SWIFT_EMIT_LOC_STRINGS = NO;
				SWIFT_VERSION = 5.0;
				TARGETED_DEVICE_FAMILY = "1,2";
				TEST_TARGET_NAME = "main nahi bataunga";
			};
			name = Release;
		};
/* End XCBuildConfiguration section */

/* Begin XCConfigurationList section */
		3FD7ABBA2BC6858500C0DFD2 /* Build configuration list for PBXProject "main nahi bataunga" */ = {
			isa = XCConfigurationList;
			buildConfigurations = (
				3FD7ABE72BC6858600C0DFD2 /* Debug */,
				3FD7ABE82BC6858600C0DFD2 /* Release */,
			);
			defaultConfigurationIsVisible = 0;
			defaultConfigurationName = Release;
		};
		3FD7ABE92BC6858600C0DFD2 /* Build configuration list for PBXNativeTarget "main nahi bataunga" */ = {
			isa = XCConfigurationList;
			buildConfigurations = (
				3FD7ABEA2BC6858600C0DFD2 /* Debug */,
				3FD7ABEB2BC6858600C0DFD2 /* Release */,
			);
			defaultConfigurationIsVisible = 0;
			defaultConfigurationName = Release;
		};
		3FD7ABEC2BC6858600C0DFD2 /* Build configuration list for PBXNativeTarget "main nahi bataungaTests" */ = {
			isa = XCConfigurationList;
			buildConfigurations = (
				3FD7ABED2BC6858600C0DFD2 /* Debug */,
				3FD7ABEE2BC6858600C0DFD2 /* Release */,
			);
			defaultConfigurationIsVisible = 0;
			defaultConfigurationName = Release;
		};
		3FD7ABEF2BC6858600C0DFD2 /* Build configuration list for PBXNativeTarget "main nahi bataungaUITests" */ = {
			isa = XCConfigurationList;
			buildConfigurations = (
				3FD7ABF02BC6858600C0DFD2 /* Debug */,
				3FD7ABF12BC6858600C0DFD2 /* Release */,
			);
			defaultConfigurationIsVisible = 0;
			defaultConfigurationName = Release;
		};
/* End XCConfigurationList section */
	};
	rootObject = 3FD7ABB72BC6858500C0DFD2 /* Project object */;
}
